
Microsoft Visual Studio Solution File, Format Version 12.00
# Visual Studio Version 17
VisualStudioVersion = 17.13.35919.96 d17.13
MinimumVisualStudioVersion = 10.0.40219.1
Project("{FAE04EC0-301F-11D3-BF4B-00C04F79EFBC}") = "Debugging_Fundamentals_1", "Debugging_Fundamentals_1\Debugging_Fundamentals_1.csproj", "{CDED0B2A-6F31-4E1D-AD59-E892D37E2AD3}"
EndProject
Global
	GlobalSection(SolutionConfigurationPlatforms) = preSolution
		Debug|Any CPU = Debug|Any CPU
		Release|Any CPU = Release|Any CPU
	EndGlobalSection
	GlobalSection(ProjectConfigurationPlatforms) = postSolution
		{CDED0B2A-6F31-4E1D-AD59-E892D37E2AD3}.Debug|Any CPU.ActiveCfg = Debug|Any CPU
		{CDED0B2A-6F31-4E1D-AD59-E892D37E2AD3}.Debug|Any CPU.Build.0 = Debug|Any CPU
		{CDED0B2A-6F31-4E1D-AD59-E892D37E2AD3}.Release|Any CPU.ActiveCfg = Release|Any CPU
		{CDED0B2A-6F31-4E1D-AD59-E892D37E2AD3}.Release|Any CPU.Build.0 = Release|Any CPU
	EndGlobalSection
	GlobalSection(SolutionProperties) = preSolution
		HideSolutionNode = FALSE
	EndGlobalSection
	GlobalSection(ExtensibilityGlobals) = postSolution
		SolutionGuid = {89DECC66-0A3A-4CE8-94DB-DCC1F6735340}
	EndGlobalSection
EndGlobal
